{
  "nodes": {
    "edex": {
      "flake": false,
      "locked": {
        "narHash": "sha256-isuawAHDQlyZhoKuBDqEJDnmTvQRWJi9XD/h9yZ0kjo=",
        "type": "file",
        "url": "https://github.com/GitSquared/edex-ui/releases/download/v2.2.8/eDEX-UI-Linux-x86_64.AppImage"
      },
      "original": {
        "type": "file",
        "url": "https://github.com/GitSquared/edex-ui/releases/download/v2.2.8/eDEX-UI-Linux-x86_64.AppImage"
      }
    },
    "nixpkgs": {
      "locked": {
        "lastModified": 1777954456,
        "narHash": "sha256-hGdgeU2Nk87RAuZyYjyDjFL6LK7dAZN5RE9+hrDTkDU=",
        "owner": "nixos",
        "repo": "nixpkgs",
        "rev": "549bd84d6279f9852cae6225e372cc67fb91a4c1",
        "type": "github"
      },
      "original": {
        "owner": "nixos",
        "ref": "nixos-unstable",
        "repo": "nixpkgs",
        "type": "github"
      }
    },
    "root": {
      "inputs": {
        "edex": "edex",
        "nixpkgs": "nixpkgs"
      }
    }
  },
  "root": "root",
  "version": 7
}
